
Microsoft Visual Studio Solution File, Format Version 12.00
# Visual Studio Version 16
VisualStudioVersion = 16.0.30225.117
MinimumVisualStudioVersion = 10.0.40219.1
Project("{8BC9CEB8-8B4A-11D0-8D11-00A0C91BC942}") = "SerialComm", "SerialComm\SerialComm.vcxproj", "{918F56D6-E6F5-4128-9312-863462CA2544}"
EndProject
Global
	GlobalSection(SolutionConfigurationPlatforms) = preSolution
		Debug|x64 = Debug|x64
		Debug|x86 = Debug|x86
		DLL Debug|x64 = DLL Debug|x64
		DLL Debug|x86 = DLL Debug|x86
		DLL Release|x64 = DLL Release|x64
		DLL Release|x86 = DLL Release|x86
		Release|x64 = Release|x64
		Release|x86 = Release|x86
	EndGlobalSection
	GlobalSection(ProjectConfigurationPlatforms) = postSolution
		{918F56D6-E6F5-4128-9312-863462CA2544}.Debug|x64.ActiveCfg = Debug|x64
		{918F56D6-E6F5-4128-9312-863462CA2544}.Debug|x64.Build.0 = Debug|x64
		{918F56D6-E6F5-4128-9312-863462CA2544}.Debug|x86.ActiveCfg = Debug|Win32
		{918F56D6-E6F5-4128-9312-863462CA2544}.Debug|x86.Build.0 = Debug|Win32
		{918F56D6-E6F5-4128-9312-863462CA2544}.DLL Debug|x64.ActiveCfg = Debug|x64
		{918F56D6-E6F5-4128-9312-863462CA2544}.DLL Debug|x64.Build.0 = Debug|x64
		{918F56D6-E6F5-4128-9312-863462CA2544}.DLL Debug|x86.ActiveCfg = Debug|Win32
		{918F56D6-E6F5-4128-9312-863462CA2544}.DLL Debug|x86.Build.0 = Debug|Win32
		{918F56D6-E6F5-4128-9312-863462CA2544}.DLL Release|x64.ActiveCfg = Release|x64
		{918F56D6-E6F5-4128-9312-863462CA2544}.DLL Release|x64.Build.0 = Release|x64
		{918F56D6-E6F5-4128-9312-863462CA2544}.DLL Release|x86.ActiveCfg = Release|Win32
		{918F56D6-E6F5-4128-9312-863462CA2544}.DLL Release|x86.Build.0 = Release|Win32
		{918F56D6-E6F5-4128-9312-863462CA2544}.Release|x64.ActiveCfg = Release|x64
		{918F56D6-E6F5-4128-9312-863462CA2544}.Release|x64.Build.0 = Release|x64
		{918F56D6-E6F5-4128-9312-863462CA2544}.Release|x86.ActiveCfg = Release|Win32
		{918F56D6-E6F5-4128-9312-863462CA2544}.Release|x86.Build.0 = Release|Win32
	EndGlobalSection
	GlobalSection(SolutionProperties) = preSolution
		HideSolutionNode = FALSE
	EndGlobalSection
	GlobalSection(ExtensibilityGlobals) = postSolution
		SolutionGuid = {30309634-73BB-4A59-BF93-32BF3315AEFE}
	EndGlobalSection
EndGlobal
